Microsoft Visual Studio Solution File, Format Version 12.00
# Visual Studio 14
VisualStudioVersion = 14.0.25420.1
MinimumVisualStudioVersion = 10.0.40219.1
Project("{2150E333-8FDC-42A3-9474-1A3956D46DE8}") = "app", "app", "{88CB5CD6-ACFA-441E-9FBB-E1E06F181B89}"
EndProject
Project("{2150E333-8FDC-42A3-9474-1A3956D46DE8}") = "Solution Items", "Solution Items", "{BF6154D1-9BC4-4966-9506-BC33E81F317C}"
	ProjectSection(SolutionItems) = preProject
		..\.gitattributes = ..\.gitattributes
		..\.gitignore = ..\.gitignore
		..\.gitmodules = ..\.gitmodules
		..\.travis.yml = ..\.travis.yml
		Build.cmd = Build.cmd
		..\GitVersionConfig.yaml = ..\GitVersionConfig.yaml
		..\LICENSE = ..\LICENSE
		..\Makefile = ..\Makefile
		..\README.md = ..\README.md
		SharpRaven.build = SharpRaven.build
		SharpRaven.sln.DotSettings = SharpRaven.sln.DotSettings
	EndProjectSection
EndProject
Project("{2150E333-8FDC-42A3-9474-1A3956D46DE8}") = ".nuget", ".nuget", "{D18000EF-446C-4756-87BD-632E3B71BD45}"
	ProjectSection(SolutionItems) = preProject
		.nuget\packages.config = .nuget\packages.config
	EndProjectSection
EndProject
Project("{2150E333-8FDC-42A3-9474-1A3956D46DE8}") = "docs", "docs", "{F44F1C47-DCF1-472A-A2D1-7F132AA54339}"
	ProjectSection(SolutionItems) = preProject
		..\docs\conf.py = ..\docs\conf.py
		..\docs\index.rst = ..\docs\index.rst
		..\docs\make.bat = ..\docs\make.bat
		..\docs\Makefile = ..\docs\Makefile
		..\docs\sentry-doc-config.json = ..\docs\sentry-doc-config.json
	EndProjectSection
EndProject
Project("{FAE04EC0-301F-11D3-BF4B-00C04F79EFBC}") = "SharpRavenPortable", "app\SharpRaven\SharpRavenPortable.csproj", "{67F9D3A8-F71E-4428-913F-C37AE82CDB24}"
EndProject
Global
	GlobalSection(SolutionConfigurationPlatforms) = preSolution
		Debug|Any CPU = Debug|Any CPU
		Release|Any CPU = Release|Any CPU
	EndGlobalSection
	GlobalSection(ProjectConfigurationPlatforms) = postSolution
		{67F9D3A8-F71E-4428-913F-C37AE82CDB24}.Debug|Any CPU.ActiveCfg = Debug|Any CPU
		{67F9D3A8-F71E-4428-913F-C37AE82CDB24}.Debug|Any CPU.Build.0 = Debug|Any CPU
		{67F9D3A8-F71E-4428-913F-C37AE82CDB24}.Release|Any CPU.ActiveCfg = Release|Any CPU
		{67F9D3A8-F71E-4428-913F-C37AE82CDB24}.Release|Any CPU.Build.0 = Release|Any CPU
	EndGlobalSection
	GlobalSection(SolutionProperties) = preSolution
		HideSolutionNode = FALSE
	EndGlobalSection
	GlobalSection(NestedProjects) = preSolution
		{F44F1C47-DCF1-472A-A2D1-7F132AA54339} = {BF6154D1-9BC4-4966-9506-BC33E81F317C}
		{67F9D3A8-F71E-4428-913F-C37AE82CDB24} = {88CB5CD6-ACFA-441E-9FBB-E1E06F181B89}
	EndGlobalSection
EndGlobal
